// !$*UTF8*$!
{
	archiveVersion = 1;
	classes = {
	};
	objectVersion = 56;
	objects = {

/* Begin PBXBuildFile section */
		6D77D0742C89DD2C005FAEE2 /* testAeroApp.swift in Sources */ = {isa = PBXBuildFile; fileRef = 6D77D0732C89DD2C005FAEE2 /* testAeroApp.swift */; };
		6D77D0782C89DD2D005FAEE2 /* Assets.xcassets in Resources */ = {isa = PBXBuildFile; fileRef = 6D77D0772C89DD2D005FAEE2 /* Assets.xcassets */; };
		6D77D07B2C89DD2D005FAEE2 /* Preview Assets.xcassets in Resources */ = {isa = PBXBuildFile; fileRef = 6D77D07A2C89DD2D005FAEE2 /* Preview Assets.xcassets */; };
		6D77D0832C89DDFE005FAEE2 /* SearchResponse.swift in Sources */ = {isa = PBXBuildFile; fileRef = 6D77D0822C89DDFE005FAEE2 /* SearchResponse.swift */; };
		6D77D0862C89E138005FAEE2 /* FlightSearchViewModel.swift in Sources */ = {isa = PBXBuildFile; fileRef = 6D77D0852C89E138005FAEE2 /* FlightSearchViewModel.swift */; };
		6D77D0892C89E1CC005FAEE2 /* FlightSearchView.swift in Sources */ = {isa = PBXBuildFile; fileRef = 6D77D0882C89E1CC005FAEE2 /* FlightSearchView.swift */; };
		6D77D0942C89ED0D005FAEE2 /* SearchResultItemView.swift in Sources */ = {isa = PBXBuildFile; fileRef = 6D77D0932C89ED0D005FAEE2 /* SearchResultItemView.swift */; };
		6D77D0972C89F83C005FAEE2 /* AirlineImageProvider.swift in Sources */ = {isa = PBXBuildFile; fileRef = 6D77D0962C89F83C005FAEE2 /* AirlineImageProvider.swift */; };
		6D77D0992C89FBC5005FAEE2 /* DateFormatterHelper.swift in Sources */ = {isa = PBXBuildFile; fileRef = 6D77D0982C89FBC5005FAEE2 /* DateFormatterHelper.swift */; };
		6D77D09B2C89FD8A005FAEE2 /* FlightDetailsView.swift in Sources */ = {isa = PBXBuildFile; fileRef = 6D77D09A2C89FD8A005FAEE2 /* FlightDetailsView.swift */; };
		6D77D09D2C8A0489005FAEE2 /* CurrencySymbol.swift in Sources */ = {isa = PBXBuildFile; fileRef = 6D77D09C2C8A0489005FAEE2 /* CurrencySymbol.swift */; };
		6D77D0A02C8B04B3005FAEE2 /* LoggerEventType.swift in Sources */ = {isa = PBXBuildFile; fileRef = 6D77D09F2C8B04B3005FAEE2 /* LoggerEventType.swift */; };
		6D77D0A22C8B04D2005FAEE2 /* LoggerServiceProtocol.swift in Sources */ = {isa = PBXBuildFile; fileRef = 6D77D0A12C8B04D2005FAEE2 /* LoggerServiceProtocol.swift */; };
		6D77D0A42C8B04EC005FAEE2 /* LoggerService.swift in Sources */ = {isa = PBXBuildFile; fileRef = 6D77D0A32C8B04EC005FAEE2 /* LoggerService.swift */; };
		6D77D0AD2C8B44D8005FAEE2 /* AlertHelper.swift in Sources */ = {isa = PBXBuildFile; fileRef = 6D77D0AC2C8B44D8005FAEE2 /* AlertHelper.swift */; };
		6D77D0B02C8BDA9B005FAEE2 /* CustomCardModifier.swift in Sources */ = {isa = PBXBuildFile; fileRef = 6D77D0AF2C8BDA9B005FAEE2 /* CustomCardModifier.swift */; };
		6D77D0B82C8BDBEE005FAEE2 /* testAeroTests.swift in Sources */ = {isa = PBXBuildFile; fileRef = 6D77D0B72C8BDBEE005FAEE2 /* testAeroTests.swift */; };
		6D77D0C32C8BE60A005FAEE2 /* View+Extensions.swift in Sources */ = {isa = PBXBuildFile; fileRef = 6D77D0C22C8BE60A005FAEE2 /* View+Extensions.swift */; };
/* End PBXBuildFile section */

/* Begin PBXContainerItemProxy section */
		6D77D0B92C8BDBEE005FAEE2 /* PBXContainerItemProxy */ = {
			isa = PBXContainerItemProxy;
			containerPortal = 6D77D0682C89DD2C005FAEE2 /* Project object */;
			proxyType = 1;
			remoteGlobalIDString = 6D77D06F2C89DD2C005FAEE2;
			remoteInfo = testAero;
		};
/* End PBXContainerItemProxy section */

/* Begin PBXFileReference section */
		6D77D0702C89DD2C005FAEE2 /* testAero.app */ = {isa = PBXFileReference; explicitFileType = wrapper.application; includeInIndex = 0; path = testAero.app; sourceTree = BUILT_PRODUCTS_DIR; };
		6D77D0732C89DD2C005FAEE2 /* testAeroApp.swift */ = {isa = PBXFileReference; lastKnownFileType = sourcecode.swift; path = testAeroApp.swift; sourceTree = "<group>"; };
		6D77D0772C89DD2D005FAEE2 /* Assets.xcassets */ = {isa = PBXFileReference; lastKnownFileType = folder.assetcatalog; path = Assets.xcassets; sourceTree = "<group>"; };
		6D77D07A2C89DD2D005FAEE2 /* Preview Assets.xcassets */ = {isa = PBXFileReference; lastKnownFileType = folder.assetcatalog; path = "Preview Assets.xcassets"; sourceTree = "<group>"; };
		6D77D0822C89DDFE005FAEE2 /* SearchResponse.swift */ = {isa = PBXFileReference; lastKnownFileType = sourcecode.swift; path = SearchResponse.swift; sourceTree = "<group>"; };
		6D77D0852C89E138005FAEE2 /* FlightSearchViewModel.swift */ = {isa = PBXFileReference; lastKnownFileType = sourcecode.swift; path = FlightSearchViewModel.swift; sourceTree = "<group>"; };
		6D77D0882C89E1CC005FAEE2 /* FlightSearchView.swift */ = {isa = PBXFileReference; lastKnownFileType = sourcecode.swift; path = FlightSearchView.swift; sourceTree = "<group>"; };
		6D77D0932C89ED0D005FAEE2 /* SearchResultItemView.swift */ = {isa = PBXFileReference; lastKnownFileType = sourcecode.swift; path = SearchResultItemView.swift; sourceTree = "<group>"; };
		6D77D0962C89F83C005FAEE2 /* AirlineImageProvider.swift */ = {isa = PBXFileReference; lastKnownFileType = sourcecode.swift; path = AirlineImageProvider.swift; sourceTree = "<group>"; };
		6D77D0982C89FBC5005FAEE2 /* DateFormatterHelper.swift */ = {isa = PBXFileReference; lastKnownFileType = sourcecode.swift; path = DateFormatterHelper.swift; sourceTree = "<group>"; };
		6D77D09A2C89FD8A005FAEE2 /* FlightDetailsView.swift */ = {isa = PBXFileReference; lastKnownFileType = sourcecode.swift; path = FlightDetailsView.swift; sourceTree = "<group>"; };
		6D77D09C2C8A0489005FAEE2 /* CurrencySymbol.swift */ = {isa = PBXFileReference; lastKnownFileType = sourcecode.swift; path = CurrencySymbol.swift; sourceTree = "<group>"; };
		6D77D09F2C8B04B3005FAEE2 /* LoggerEventType.swift */ = {isa = PBXFileReference; lastKnownFileType = sourcecode.swift; path = LoggerEventType.swift; sourceTree = "<group>"; };
		6D77D0A12C8B04D2005FAEE2 /* LoggerServiceProtocol.swift */ = {isa = PBXFileReference; lastKnownFileType = sourcecode.swift; path = LoggerServiceProtocol.swift; sourceTree = "<group>"; };
		6D77D0A32C8B04EC005FAEE2 /* LoggerService.swift */ = {isa = PBXFileReference; lastKnownFileType = sourcecode.swift; path = LoggerService.swift; sourceTree = "<group>"; };
		6D77D0AC2C8B44D8005FAEE2 /* AlertHelper.swift */ = {isa = PBXFileReference; lastKnownFileType = sourcecode.swift; path = AlertHelper.swift; sourceTree = "<group>"; };
		6D77D0AF2C8BDA9B005FAEE2 /* CustomCardModifier.swift */ = {isa = PBXFileReference; lastKnownFileType = sourcecode.swift; path = CustomCardModifier.swift; sourceTree = "<group>"; };
		6D77D0B52C8BDBEE005FAEE2 /* testAeroTests.xctest */ = {isa = PBXFileReference; explicitFileType = wrapper.cfbundle; includeInIndex = 0; path = testAeroTests.xctest; sourceTree = BUILT_PRODUCTS_DIR; };
		6D77D0B72C8BDBEE005FAEE2 /* testAeroTests.swift */ = {isa = PBXFileReference; lastKnownFileType = sourcecode.swift; path = testAeroTests.swift; sourceTree = "<group>"; };
		6D77D0C22C8BE60A005FAEE2 /* View+Extensions.swift */ = {isa = PBXFileReference; lastKnownFileType = sourcecode.swift; path = "View+Extensions.swift"; sourceTree = "<group>"; };
/* End PBXFileReference section */

/* Begin PBXFrameworksBuildPhase section */
		6D77D06D2C89DD2C005FAEE2 /* Frameworks */ = {
			isa = PBXFrameworksBuildPhase;
			buildActionMask = 2147483647;
			files = (
			);
			runOnlyForDeploymentPostprocessing = 0;
		};
		6D77D0B22C8BDBEE005FAEE2 /* Frameworks */ = {
			isa = PBXFrameworksBuildPhase;
			buildActionMask = 2147483647;
			files = (
			);
			runOnlyForDeploymentPostprocessing = 0;
		};
/* End PBXFrameworksBuildPhase section */

/* Begin PBXGroup section */
		6D77D0672C89DD2C005FAEE2 = {
			isa = PBXGroup;
			children = (
				6D77D0722C89DD2C005FAEE2 /* testAero */,
				6D77D0B62C8BDBEE005FAEE2 /* testAeroTests */,
				6D77D0712C89DD2C005FAEE2 /* Products */,
			);
			sourceTree = "<group>";
		};
		6D77D0712C89DD2C005FAEE2 /* Products */ = {
			isa = PBXGroup;
			children = (
				6D77D0702C89DD2C005FAEE2 /* testAero.app */,
				6D77D0B52C8BDBEE005FAEE2 /* testAeroTests.xctest */,
			);
			name = Products;
			sourceTree = "<group>";
		};
		6D77D0722C89DD2C005FAEE2 /* testAero */ = {
			isa = PBXGroup;
			children = (
				6D77D0AB2C8B44D0005FAEE2 /* Alert */,
				6D77D0772C89DD2D005FAEE2 /* Assets.xcassets */,
				6D77D0AE2C8BDA71005FAEE2 /* Common */,
				6D77D0C12C8BE5D9005FAEE2 /* Extensions */,
				6D77D09E2C8B0419005FAEE2 /* LoggerService */,
				6D77D0812C89DD39005FAEE2 /* Model */,
				6D77D0792C89DD2D005FAEE2 /* Preview Content */,
				6D77D0952C89F819005FAEE2 /* Services */,
				6D77D0732C89DD2C005FAEE2 /* testAeroApp.swift */,
				6D77D0872C89E1BD005FAEE2 /* View */,
				6D77D0842C89E12C005FAEE2 /* ViewModel */,
			);
			path = testAero;
			sourceTree = "<group>";
		};
		6D77D0792C89DD2D005FAEE2 /* Preview Content */ = {
			isa = PBXGroup;
			children = (
				6D77D07A2C89DD2D005FAEE2 /* Preview Assets.xcassets */,
			);
			path = "Preview Content";
			sourceTree = "<group>";
		};
		6D77D0812C89DD39005FAEE2 /* Model */ = {
			isa = PBXGroup;
			children = (
				6D77D0822C89DDFE005FAEE2 /* SearchResponse.swift */,
			);
			path = Model;
			sourceTree = "<group>";
		};
		6D77D0842C89E12C005FAEE2 /* ViewModel */ = {
			isa = PBXGroup;
			children = (
				6D77D0852C89E138005FAEE2 /* FlightSearchViewModel.swift */,
			);
			path = ViewModel;
			sourceTree = "<group>";
		};
		6D77D0872C89E1BD005FAEE2 /* View */ = {
			isa = PBXGroup;
			children = (
				6D77D0882C89E1CC005FAEE2 /* FlightSearchView.swift */,
				6D77D0932C89ED0D005FAEE2 /* SearchResultItemView.swift */,
				6D77D09A2C89FD8A005FAEE2 /* FlightDetailsView.swift */,
			);
			path = View;
			sourceTree = "<group>";
		};
		6D77D0952C89F819005FAEE2 /* Services */ = {
			isa = PBXGroup;
			children = (
				6D77D0962C89F83C005FAEE2 /* AirlineImageProvider.swift */,
				6D77D0982C89FBC5005FAEE2 /* DateFormatterHelper.swift */,
				6D77D09C2C8A0489005FAEE2 /* CurrencySymbol.swift */,
			);
			path = Services;
			sourceTree = "<group>";
		};
		6D77D09E2C8B0419005FAEE2 /* LoggerService */ = {
			isa = PBXGroup;
			children = (
				6D77D09F2C8B04B3005FAEE2 /* LoggerEventType.swift */,
				6D77D0A12C8B04D2005FAEE2 /* LoggerServiceProtocol.swift */,
				6D77D0A32C8B04EC005FAEE2 /* LoggerService.swift */,
			);
			path = LoggerService;
			sourceTree = "<group>";
		};
		6D77D0AB2C8B44D0005FAEE2 /* Alert */ = {
			isa = PBXGroup;
			children = (
				6D77D0AC2C8B44D8005FAEE2 /* AlertHelper.swift */,
			);
			path = Alert;
			sourceTree = "<group>";
		};
		6D77D0AE2C8BDA71005FAEE2 /* Common */ = {
			isa = PBXGroup;
			children = (
				6D77D0AF2C8BDA9B005FAEE2 /* CustomCardModifier.swift */,
			);
			path = Common;
			sourceTree = "<group>";
		};
		6D77D0B62C8BDBEE005FAEE2 /* testAeroTests */ = {
			isa = PBXGroup;
			children = (
				6D77D0B72C8BDBEE005FAEE2 /* testAeroTests.swift */,
			);
			path = testAeroTests;
			sourceTree = "<group>";
		};
		6D77D0C12C8BE5D9005FAEE2 /* Extensions */ = {
			isa = PBXGroup;
			children = (
				6D77D0C22C8BE60A005FAEE2 /* View+Extensions.swift */,
			);
			path = Extensions;
			sourceTree = "<group>";
		};
/* End PBXGroup section */

/* Begin PBXNativeTarget section */
		6D77D06F2C89DD2C005FAEE2 /* testAero */ = {
			isa = PBXNativeTarget;
			buildConfigurationList = 6D77D07E2C89DD2D005FAEE2 /* Build configuration list for PBXNativeTarget "testAero" */;
			buildPhases = (
				6D77D06C2C89DD2C005FAEE2 /* Sources */,
				6D77D06D2C89DD2C005FAEE2 /* Frameworks */,
				6D77D06E2C89DD2C005FAEE2 /* Resources */,
			);
			buildRules = (
			);
			dependencies = (
			);
			name = testAero;
			productName = testAero;
			productReference = 6D77D0702C89DD2C005FAEE2 /* testAero.app */;
			productType = "com.apple.product-type.application";
		};
		6D77D0B42C8BDBEE005FAEE2 /* testAeroTests */ = {
			isa = PBXNativeTarget;
			buildConfigurationList = 6D77D0BB2C8BDBEE005FAEE2 /* Build configuration list for PBXNativeTarget "testAeroTests" */;
			buildPhases = (
				6D77D0B12C8BDBEE005FAEE2 /* Sources */,
				6D77D0B22C8BDBEE005FAEE2 /* Frameworks */,
				6D77D0B32C8BDBEE005FAEE2 /* Resources */,
			);
			buildRules = (
			);
			dependencies = (
				6D77D0BA2C8BDBEE005FAEE2 /* PBXTargetDependency */,
			);
			name = testAeroTests;
			productName = testAeroTests;
			productReference = 6D77D0B52C8BDBEE005FAEE2 /* testAeroTests.xctest */;
			productType = "com.apple.product-type.bundle.unit-test";
		};
/* End PBXNativeTarget section */

/* Begin PBXProject section */
		6D77D0682C89DD2C005FAEE2 /* Project object */ = {
			isa = PBXProject;
			attributes = {
				BuildIndependentTargetsInParallel = 1;
				LastSwiftUpdateCheck = 1540;
				LastUpgradeCheck = 1540;
				TargetAttributes = {
					6D77D06F2C89DD2C005FAEE2 = {
						CreatedOnToolsVersion = 15.4;
					};
					6D77D0B42C8BDBEE005FAEE2 = {
						CreatedOnToolsVersion = 15.4;
						TestTargetID = 6D77D06F2C89DD2C005FAEE2;
					};
				};
			};
			buildConfigurationList = 6D77D06B2C89DD2C005FAEE2 /* Build configuration list for PBXProject "testAero" */;
			compatibilityVersion = "Xcode 14.0";
			developmentRegion = en;
			hasScannedForEncodings = 0;
			knownRegions = (
				en,
				Base,
			);
			mainGroup = 6D77D0672C89DD2C005FAEE2;
			productRefGroup = 6D77D0712C89DD2C005FAEE2 /* Products */;
			projectDirPath = "";
			projectRoot = "";
			targets = (
				6D77D06F2C89DD2C005FAEE2 /* testAero */,
				6D77D0B42C8BDBEE005FAEE2 /* testAeroTests */,
			);
		};
/* End PBXProject section */

/* Begin PBXResourcesBuildPhase section */
		6D77D06E2C89DD2C005FAEE2 /* Resources */ = {
			isa = PBXResourcesBuildPhase;
			buildActionMask = 2147483647;
			files = (
				6D77D07B2C89DD2D005FAEE2 /* Preview Assets.xcassets in Resources */,
				6D77D0782C89DD2D005FAEE2 /* Assets.xcassets in Resources */,
			);
			runOnlyForDeploymentPostprocessing = 0;
		};
		6D77D0B32C8BDBEE005FAEE2 /* Resources */ = {
			isa = PBXResourcesBuildPhase;
			buildActionMask = 2147483647;
			files = (
			);
			runOnlyForDeploymentPostprocessing = 0;
		};
/* End PBXResourcesBuildPhase section */

/* Begin PBXSourcesBuildPhase section */
		6D77D06C2C89DD2C005FAEE2 /* Sources */ = {
			isa = PBXSourcesBuildPhase;
			buildActionMask = 2147483647;
			files = (
				6D77D09D2C8A0489005FAEE2 /* CurrencySymbol.swift in Sources */,
				6D77D0B02C8BDA9B005FAEE2 /* CustomCardModifier.swift in Sources */,
				6D77D0A22C8B04D2005FAEE2 /* LoggerServiceProtocol.swift in Sources */,
				6D77D0992C89FBC5005FAEE2 /* DateFormatterHelper.swift in Sources */,
				6D77D0972C89F83C005FAEE2 /* AirlineImageProvider.swift in Sources */,
				6D77D0AD2C8B44D8005FAEE2 /* AlertHelper.swift in Sources */,
				6D77D09B2C89FD8A005FAEE2 /* FlightDetailsView.swift in Sources */,
				6D77D0832C89DDFE005FAEE2 /* SearchResponse.swift in Sources */,
				6D77D0892C89E1CC005FAEE2 /* FlightSearchView.swift in Sources */,
				6D77D0A02C8B04B3005FAEE2 /* LoggerEventType.swift in Sources */,
				6D77D0862C89E138005FAEE2 /* FlightSearchViewModel.swift in Sources */,
				6D77D0A42C8B04EC005FAEE2 /* LoggerService.swift in Sources */,
				6D77D0942C89ED0D005FAEE2 /* SearchResultItemView.swift in Sources */,
				6D77D0C32C8BE60A005FAEE2 /* View+Extensions.swift in Sources */,
				6D77D0742C89DD2C005FAEE2 /* testAeroApp.swift in Sources */,
			);
			runOnlyForDeploymentPostprocessing = 0;
		};
		6D77D0B12C8BDBEE005FAEE2 /* Sources */ = {
			isa = PBXSourcesBuildPhase;
			buildActionMask = 2147483647;
			files = (
				6D77D0B82C8BDBEE005FAEE2 /* testAeroTests.swift in Sources */,
			);
			runOnlyForDeploymentPostprocessing = 0;
		};
/* End PBXSourcesBuildPhase section */

/* Begin PBXTargetDependency section */
		6D77D0BA2C8BDBEE005FAEE2 /* PBXTargetDependency */ = {
			isa = PBXTargetDependency;
			target = 6D77D06F2C89DD2C005FAEE2 /* testAero */;
			targetProxy = 6D77D0B92C8BDBEE005FAEE2 /* PBXContainerItemProxy */;
		};
/* End PBXTargetDependency section */

/* Begin XCBuildConfiguration section */
		6D77D07C2C89DD2D005FAEE2 /* Debug */ = {
			isa = XCBuildConfiguration;
			buildSettings = {
				ALWAYS_SEARCH_USER_PATHS = NO;
				ASSETCATALOG_COMPILER_GENERATE_SWIFT_ASSET_SYMBOL_EXTENSIONS = YES;
				CLANG_ANALYZER_NONNULL = YES;
				CLANG_ANALYZER_NUMBER_OBJECT_CONVERSION = YES_AGGRESSIVE;
				CLANG_CXX_LANGUAGE_STANDARD = "gnu++20";
				CLANG_ENABLE_MODULES = YES;
				CLANG_ENABLE_OBJC_ARC = YES;
				CLANG_ENABLE_OBJC_WEAK = YES;
				CLANG_WARN_BLOCK_CAPTURE_AUTORELEASING = YES;
				CLANG_WARN_BOOL_CONVERSION = YES;
				CLANG_WARN_COMMA = YES;
				CLANG_WARN_CONSTANT_CONVERSION = YES;
				CLANG_WARN_DEPRECATED_OBJC_IMPLEMENTATIONS = YES;
				CLANG_WARN_DIRECT_OBJC_ISA_USAGE = YES_ERROR;
				CLANG_WARN_DOCUMENTATION_COMMENTS = YES;
				CLANG_WARN_EMPTY_BODY = YES;
				CLANG_WARN_ENUM_CONVERSION = YES;
				CLANG_WARN_INFINITE_RECURSION = YES;
				CLANG_WARN_INT_CONVERSION = YES;
				CLANG_WARN_NON_LITERAL_NULL_CONVERSION = YES;
				CLANG_WARN_OBJC_IMPLICIT_RETAIN_SELF = YES;
				CLANG_WARN_OBJC_LITERAL_CONVERSION = YES;
				CLANG_WARN_OBJC_ROOT_CLASS = YES_ERROR;
				CLANG_WARN_QUOTED_INCLUDE_IN_FRAMEWORK_HEADER = YES;
				CLANG_WARN_RANGE_LOOP_ANALYSIS = YES;
				CLANG_WARN_STRICT_PROTOTYPES = YES;
				CLANG_WARN_SUSPICIOUS_MOVE = YES;
				CLANG_WARN_UNGUARDED_AVAILABILITY = YES_AGGRESSIVE;
				CLANG_WARN_UNREACHABLE_CODE = YES;
				CLANG_WARN__DUPLICATE_METHOD_MATCH = YES;
				COPY_PHASE_STRIP = NO;
				DEBUG_INFORMATION_FORMAT = dwarf;
				ENABLE_STRICT_OBJC_MSGSEND = YES;
				ENABLE_TESTABILITY = YES;
				ENABLE_USER_SCRIPT_SANDBOXING = YES;
				GCC_C_LANGUAGE_STANDARD = gnu17;
				GCC_DYNAMIC_NO_PIC = NO;
				GCC_NO_COMMON_BLOCKS = YES;
				GCC_OPTIMIZATION_LEVEL = 0;
				GCC_PREPROCESSOR_DEFINITIONS = (
					"DEBUG=1",
					"$(inherited)",
				);
				GCC_WARN_64_TO_32_BIT_CONVERSION = YES;
				GCC_WARN_ABOUT_RETURN_TYPE = YES_ERROR;
				GCC_WARN_UNDECLARED_SELECTOR = YES;
				GCC_WARN_UNINITIALIZED_AUTOS = YES_AGGRESSIVE;
				GCC_WARN_UNUSED_FUNCTION = YES;
				GCC_WARN_UNUSED_VARIABLE = YES;
				IPHONEOS_DEPLOYMENT_TARGET = 17.5;
				LOCALIZATION_PREFERS_STRING_CATALOGS = YES;
				MTL_ENABLE_DEBUG_INFO = INCLUDE_SOURCE;
				MTL_FAST_MATH = YES;
				ONLY_ACTIVE_ARCH = YES;
				SDKROOT = iphoneos;
				SWIFT_ACTIVE_COMPILATION_CONDITIONS = "DEBUG $(inherited)";
				SWIFT_OPTIMIZATION_LEVEL = "-Onone";
			};
			name = Debug;
		};
		6D77D07D2C89DD2D005FAEE2 /* Release */ = {
			isa = XCBuildConfiguration;
			buildSettings = {
				ALWAYS_SEARCH_USER_PATHS = NO;
				ASSETCATALOG_COMPILER_GENERATE_SWIFT_ASSET_SYMBOL_EXTENSIONS = YES;
				CLANG_ANALYZER_NONNULL = YES;
				CLANG_ANALYZER_NUMBER_OBJECT_CONVERSION = YES_AGGRESSIVE;
				CLANG_CXX_LANGUAGE_STANDARD = "gnu++20";
				CLANG_ENABLE_MODULES = YES;
				CLANG_ENABLE_OBJC_ARC = YES;
				CLANG_ENABLE_OBJC_WEAK = YES;
				CLANG_WARN_BLOCK_CAPTURE_AUTORELEASING = YES;
				CLANG_WARN_BOOL_CONVERSION = YES;
				CLANG_WARN_COMMA = YES;
				CLANG_WARN_CONSTANT_CONVERSION = YES;
				CLANG_WARN_DEPRECATED_OBJC_IMPLEMENTATIONS = YES;
				CLANG_WARN_DIRECT_OBJC_ISA_USAGE = YES_ERROR;
				CLANG_WARN_DOCUMENTATION_COMMENTS = YES;
				CLANG_WARN_EMPTY_BODY = YES;
				CLANG_WARN_ENUM_CONVERSION = YES;
				CLANG_WARN_INFINITE_RECURSION = YES;
				CLANG_WARN_INT_CONVERSION = YES;
				CLANG_WARN_NON_LITERAL_NULL_CONVERSION = YES;
				CLANG_WARN_OBJC_IMPLICIT_RETAIN_SELF = YES;
				CLANG_WARN_OBJC_LITERAL_CONVERSION = YES;
				CLANG_WARN_OBJC_ROOT_CLASS = YES_ERROR;
				CLANG_WARN_QUOTED_INCLUDE_IN_FRAMEWORK_HEADER = YES;
				CLANG_WARN_RANGE_LOOP_ANALYSIS = YES;
				CLANG_WARN_STRICT_PROTOTYPES = YES;
				CLANG_WARN_SUSPICIOUS_MOVE = YES;
				CLANG_WARN_UNGUARDED_AVAILABILITY = YES_AGGRESSIVE;
				CLANG_WARN_UNREACHABLE_CODE = YES;
				CLANG_WARN__DUPLICATE_METHOD_MATCH = YES;
				COPY_PHASE_STRIP = NO;
				DEBUG_INFORMATION_FORMAT = "dwarf-with-dsym";
				ENABLE_NS_ASSERTIONS = NO;
				ENABLE_STRICT_OBJC_MSGSEND = YES;
				ENABLE_USER_SCRIPT_SANDBOXING = YES;
				GCC_C_LANGUAGE_STANDARD = gnu17;
				GCC_NO_COMMON_BLOCKS = YES;
				GCC_WARN_64_TO_32_BIT_CONVERSION = YES;
				GCC_WARN_ABOUT_RETURN_TYPE = YES_ERROR;
				GCC_WARN_UNDECLARED_SELECTOR = YES;
				GCC_WARN_UNINITIALIZED_AUTOS = YES_AGGRESSIVE;
				GCC_WARN_UNUSED_FUNCTION = YES;
				GCC_WARN_UNUSED_VARIABLE = YES;
				IPHONEOS_DEPLOYMENT_TARGET = 17.5;
				LOCALIZATION_PREFERS_STRING_CATALOGS = YES;
				MTL_ENABLE_DEBUG_INFO = NO;
				MTL_FAST_MATH = YES;
				SDKROOT = iphoneos;
				SWIFT_COMPILATION_MODE = wholemodule;
				VALIDATE_PRODUCT = YES;
			};
			name = Release;
		};
		6D77D07F2C89DD2D005FAEE2 /* Debug */ = {
			isa = XCBuildConfiguration;
			buildSettings = {
				ASSETCATALOG_COMPILER_APPICON_NAME = AppIcon;
				ASSETCATALOG_COMPILER_GLOBAL_ACCENT_COLOR_NAME = AccentColor;
				CODE_SIGN_STYLE = Automatic;
				CURRENT_PROJECT_VERSION = 1;
				DEVELOPMENT_ASSET_PATHS = "\"testAero/Preview Content\"";
				DEVELOPMENT_TEAM = 92RNZ7CX2N;
				ENABLE_PREVIEWS = YES;
				GENERATE_INFOPLIST_FILE = YES;
				INFOPLIST_KEY_UIApplicationSceneManifest_Generation = YES;
				INFOPLIST_KEY_UIApplicationSupportsIndirectInputEvents = YES;
				INFOPLIST_KEY_UILaunchScreen_Generation = YES;
				INFOPLIST_KEY_UISupportedInterfaceOrientations_iPad = "UIInterfaceOrientationPortrait UIInterfaceOrientationPortraitUpsideDown UIInterfaceOrientationLandscapeLeft UIInterfaceOrientationLandscapeRight";
				INFOPLIST_KEY_UISupportedInterfaceOrientations_iPhone = "UIInterfaceOrientationPortrait UIInterfaceOrientationLandscapeLeft UIInterfaceOrientationLandscapeRight";
				LD_RUNPATH_SEARCH_PATHS = (
					"$(inherited)",
					"@executable_path/Frameworks",
				);
				MARKETING_VERSION = 1.0;
				PRODUCT_BUNDLE_IDENTIFIER = Elya.testAero;
				PRODUCT_NAME = "$(TARGET_NAME)";
				SWIFT_EMIT_LOC_STRINGS = YES;
				SWIFT_VERSION = 5.0;
				TARGETED_DEVICE_FAMILY = "1,2";
			};
			name = Debug;
		};
		6D77D0802C89DD2D005FAEE2 /* Release */ = {
			isa = XCBuildConfiguration;
			buildSettings = {
				ASSETCATALOG_COMPILER_APPICON_NAME = AppIcon;
				ASSETCATALOG_COMPILER_GLOBAL_ACCENT_COLOR_NAME = AccentColor;
				CODE_SIGN_STYLE = Automatic;
				CURRENT_PROJECT_VERSION = 1;
				DEVELOPMENT_ASSET_PATHS = "\"testAero/Preview Content\"";
				DEVELOPMENT_TEAM = 92RNZ7CX2N;
				ENABLE_PREVIEWS = YES;
				GENERATE_INFOPLIST_FILE = YES;
				INFOPLIST_KEY_UIApplicationSceneManifest_Generation = YES;
				INFOPLIST_KEY_UIApplicationSupportsIndirectInputEvents = YES;
				INFOPLIST_KEY_UILaunchScreen_Generation = YES;
				INFOPLIST_KEY_UISupportedInterfaceOrientations_iPad = "UIInterfaceOrientationPortrait UIInterfaceOrientationPortraitUpsideDown UIInterfaceOrientationLandscapeLeft UIInterfaceOrientationLandscapeRight";
				INFOPLIST_KEY_UISupportedInterfaceOrientations_iPhone = "UIInterfaceOrientationPortrait UIInterfaceOrientationLandscapeLeft UIInterfaceOrientationLandscapeRight";
				LD_RUNPATH_SEARCH_PATHS = (
					"$(inherited)",
					"@executable_path/Frameworks",
				);
				MARKETING_VERSION = 1.0;
				PRODUCT_BUNDLE_IDENTIFIER = Elya.testAero;
				PRODUCT_NAME = "$(TARGET_NAME)";
				SWIFT_EMIT_LOC_STRINGS = YES;
				SWIFT_VERSION = 5.0;
				TARGETED_DEVICE_FAMILY = "1,2";
			};
			name = Release;
		};
		6D77D0BC2C8BDBEE005FAEE2 /* Debug */ = {
			isa = XCBuildConfiguration;
			buildSettings = {
				BUNDLE_LOADER = "$(TEST_HOST)";
				CODE_SIGN_STYLE = Automatic;
				CURRENT_PROJECT_VERSION = 1;
				DEVELOPMENT_TEAM = 92RNZ7CX2N;
				GENERATE_INFOPLIST_FILE = YES;
				MARKETING_VERSION = 1.0;
				PRODUCT_BUNDLE_IDENTIFIER = Elya.testAeroTests;
				PRODUCT_NAME = "$(TARGET_NAME)";
				SWIFT_EMIT_LOC_STRINGS = NO;
				SWIFT_VERSION = 5.0;
				TARGETED_DEVICE_FAMILY = "1,2";
				TEST_HOST = "$(BUILT_PRODUCTS_DIR)/testAero.app/$(BUNDLE_EXECUTABLE_FOLDER_PATH)/testAero";
			};
			name = Debug;
		};
		6D77D0BD2C8BDBEE005FAEE2 /* Release */ = {
			isa = XCBuildConfiguration;
			buildSettings = {
				BUNDLE_LOADER = "$(TEST_HOST)";
				CODE_SIGN_STYLE = Automatic;
				CURRENT_PROJECT_VERSION = 1;
				DEVELOPMENT_TEAM = 92RNZ7CX2N;
				GENERATE_INFOPLIST_FILE = YES;
				MARKETING_VERSION = 1.0;
				PRODUCT_BUNDLE_IDENTIFIER = Elya.testAeroTests;
				PRODUCT_NAME = "$(TARGET_NAME)";
				SWIFT_EMIT_LOC_STRINGS = NO;
				SWIFT_VERSION = 5.0;
				TARGETED_DEVICE_FAMILY = "1,2";
				TEST_HOST = "$(BUILT_PRODUCTS_DIR)/testAero.app/$(BUNDLE_EXECUTABLE_FOLDER_PATH)/testAero";
			};
			name = Release;
		};
/* End XCBuildConfiguration section */

/* Begin XCConfigurationList section */
		6D77D06B2C89DD2C005FAEE2 /* Build configuration list for PBXProject "testAero" */ = {
			isa = XCConfigurationList;
			buildConfigurations = (
				6D77D07C2C89DD2D005FAEE2 /* Debug */,
				6D77D07D2C89DD2D005FAEE2 /* Release */,
			);
			defaultConfigurationIsVisible = 0;
			defaultConfigurationName = Release;
		};
		6D77D07E2C89DD2D005FAEE2 /* Build configuration list for PBXNativeTarget "testAero" */ = {
			isa = XCConfigurationList;
			buildConfigurations = (
				6D77D07F2C89DD2D005FAEE2 /* Debug */,
				6D77D0802C89DD2D005FAEE2 /* Release */,
			);
			defaultConfigurationIsVisible = 0;
			defaultConfigurationName = Release;
		};
		6D77D0BB2C8BDBEE005FAEE2 /* Build configuration list for PBXNativeTarget "testAeroTests" */ = {
			isa = XCConfigurationList;
			buildConfigurations = (
				6D77D0BC2C8BDBEE005FAEE2 /* Debug */,
				6D77D0BD2C8BDBEE005FAEE2 /* Release */,
			);
			defaultConfigurationIsVisible = 0;
			defaultConfigurationName = Release;
		};
/* End XCConfigurationList section */
	};
	rootObject = 6D77D0682C89DD2C005FAEE2 /* Project object */;
}
